
Microsoft Visual Studio Solution File, Format Version 12.00
# Visual Studio Version 17
VisualStudioVersion = 17.1.32421.90
MinimumVisualStudioVersion = 10.0.40219.1
Project("{FAE04EC0-301F-11D3-BF4B-00C04F79EFBC}") = "solid", "solid\solid.csproj", "{95584597-8AC5-41F1-825B-BD3F30E5D13F}"
EndProject
Global
	GlobalSection(SolutionConfigurationPlatforms) = preSolution
		Debug|Any CPU = Debug|Any CPU
		Release|Any CPU = Release|Any CPU
	EndGlobalSection
	GlobalSection(ProjectConfigurationPlatforms) = postSolution
		{95584597-8AC5-41F1-825B-BD3F30E5D13F}.Debug|Any CPU.ActiveCfg = Debug|Any CPU
		{95584597-8AC5-41F1-825B-BD3F30E5D13F}.Debug|Any CPU.Build.0 = Debug|Any CPU
		{95584597-8AC5-41F1-825B-BD3F30E5D13F}.Release|Any CPU.ActiveCfg = Release|Any CPU
		{95584597-8AC5-41F1-825B-BD3F30E5D13F}.Release|Any CPU.Build.0 = Release|Any CPU
	EndGlobalSection
	GlobalSection(SolutionProperties) = preSolution
		HideSolutionNode = FALSE
	EndGlobalSection
	GlobalSection(ExtensibilityGlobals) = postSolution
		SolutionGuid = {3C52C8BD-C8C2-4F2D-B7E4-3D7309AE39DE}
	EndGlobalSection
EndGlobal
